
Microsoft Visual Studio Solution File, Format Version 12.00
# Visual Studio Version 16
VisualStudioVersion = 16.0.35026.282
MinimumVisualStudioVersion = 10.0.40219.1
Project("{FAE04EC0-301F-11D3-BF4B-00C04F79EFBC}") = "Gait analysis", "Gait analysis.csproj", "{AC9FC5BB-E951-4D88-9E11-C9A53AD318C9}"
EndProject
Global
	GlobalSection(SolutionConfigurationPlatforms) = preSolution
		Debug|Any CPU = Debug|Any CPU
		Release|Any CPU = Release|Any CPU
	EndGlobalSection
	GlobalSection(ProjectConfigurationPlatforms) = postSolution
		{AC9FC5BB-E951-4D88-9E11-C9A53AD318C9}.Debug|Any CPU.ActiveCfg = Debug|Any CPU
		{AC9FC5BB-E951-4D88-9E11-C9A53AD318C9}.Debug|Any CPU.Build.0 = Debug|Any CPU
		{AC9FC5BB-E951-4D88-9E11-C9A53AD318C9}.Release|Any CPU.ActiveCfg = Release|Any CPU
		{AC9FC5BB-E951-4D88-9E11-C9A53AD318C9}.Release|Any CPU.Build.0 = Release|Any CPU
	EndGlobalSection
	GlobalSection(SolutionProperties) = preSolution
		HideSolutionNode = FALSE
	EndGlobalSection
	GlobalSection(ExtensibilityGlobals) = postSolution
		SolutionGuid = {8D21ADCA-75BB-4942-B0F4-4F1CF3203B2E}
	EndGlobalSection
EndGlobal
